
Microsoft Visual Studio Solution File, Format Version 12.00
# Visual Studio Version 16
VisualStudioVersion = 16.0.31321.278
MinimumVisualStudioVersion = 10.0.40219.1
Project("{8BC9CEB8-8B4A-11D0-8D11-00A0C91BC942}") = "Interpretator", "Interpretator\Interpretator.vcxproj", "{3EDA9FE6-8A83-4CAA-A739-E682C5377DFB}"
EndProject
Global
	GlobalSection(SolutionConfigurationPlatforms) = preSolution
		Debug|x64 = Debug|x64
		Debug|x86 = Debug|x86
		Release|x64 = Release|x64
		Release|x86 = Release|x86
	EndGlobalSection
	GlobalSection(ProjectConfigurationPlatforms) = postSolution
		{3EDA9FE6-8A83-4CAA-A739-E682C5377DFB}.Debug|x64.ActiveCfg = Debug|x64
		{3EDA9FE6-8A83-4CAA-A739-E682C5377DFB}.Debug|x64.Build.0 = Debug|x64
		{3EDA9FE6-8A83-4CAA-A739-E682C5377DFB}.Debug|x86.ActiveCfg = Debug|Win32
		{3EDA9FE6-8A83-4CAA-A739-E682C5377DFB}.Debug|x86.Build.0 = Debug|Win32
		{3EDA9FE6-8A83-4CAA-A739-E682C5377DFB}.Release|x64.ActiveCfg = Release|x64
		{3EDA9FE6-8A83-4CAA-A739-E682C5377DFB}.Release|x64.Build.0 = Release|x64
		{3EDA9FE6-8A83-4CAA-A739-E682C5377DFB}.Release|x86.ActiveCfg = Release|Win32
		{3EDA9FE6-8A83-4CAA-A739-E682C5377DFB}.Release|x86.Build.0 = Release|Win32
	EndGlobalSection
	GlobalSection(SolutionProperties) = preSolution
		HideSolutionNode = FALSE
	EndGlobalSection
	GlobalSection(ExtensibilityGlobals) = postSolution
		SolutionGuid = {ACBB7549-F000-410D-9742-5999C5CF1AAC}
	EndGlobalSection
EndGlobal
